
Microsoft Visual Studio Solution File, Format Version 12.00
Project("{FAE04EC0-301F-11D3-BF4B-00C04F79EFBC}") = "Tutorial7", "Tutorial7\Tutorial7.csproj", "{FB17F22F-98EF-458E-BEDD-FEEC979C8516}"
EndProject
Global
	GlobalSection(SolutionConfigurationPlatforms) = preSolution
		Debug|Any CPU = Debug|Any CPU
		Release|Any CPU = Release|Any CPU
	EndGlobalSection
	GlobalSection(ProjectConfigurationPlatforms) = postSolution
		{FB17F22F-98EF-458E-BEDD-FEEC979C8516}.Debug|Any CPU.ActiveCfg = Debug|Any CPU
		{FB17F22F-98EF-458E-BEDD-FEEC979C8516}.Debug|Any CPU.Build.0 = Debug|Any CPU
		{FB17F22F-98EF-458E-BEDD-FEEC979C8516}.Release|Any CPU.ActiveCfg = Release|Any CPU
		{FB17F22F-98EF-458E-BEDD-FEEC979C8516}.Release|Any CPU.Build.0 = Release|Any CPU
	EndGlobalSection
EndGlobal
